
Microsoft Visual Studio Solution File, Format Version 12.00
# Visual Studio Version 17
VisualStudioVersion = 17.10.35013.160
MinimumVisualStudioVersion = 10.0.40219.1
Project("{9A19103F-16F7-4668-BE54-9A1E7A4F7556}") = "AutoJobApplication", "AutoJobApplication\AutoJobApplication.csproj", "{CF6A0965-5BE5-4382-9547-47D8B9E99C26}"
EndProject
Global
	GlobalSection(SolutionConfigurationPlatforms) = preSolution
		Debug|Any CPU = Debug|Any CPU
		Release|Any CPU = Release|Any CPU
	EndGlobalSection
	GlobalSection(ProjectConfigurationPlatforms) = postSolution
		{CF6A0965-5BE5-4382-9547-47D8B9E99C26}.Debug|Any CPU.ActiveCfg = Debug|Any CPU
		{CF6A0965-5BE5-4382-9547-47D8B9E99C26}.Debug|Any CPU.Build.0 = Debug|Any CPU
		{CF6A0965-5BE5-4382-9547-47D8B9E99C26}.Release|Any CPU.ActiveCfg = Release|Any CPU
		{CF6A0965-5BE5-4382-9547-47D8B9E99C26}.Release|Any CPU.Build.0 = Release|Any CPU
	EndGlobalSection
	GlobalSection(SolutionProperties) = preSolution
		HideSolutionNode = FALSE
	EndGlobalSection
	GlobalSection(ExtensibilityGlobals) = postSolution
		SolutionGuid = {85A68487-7B66-40EB-A759-E48FA36F0BED}
	EndGlobalSection
EndGlobal
